// !$*UTF8*$!
{
	archiveVersion = 1;
	classes = {
	};
	objectVersion = 51;
	objects = {

/* Begin PBXBuildFile section */
		01FE4F1FC41977A4D0CE202A /* Pods_Parstagram.framework in Frameworks */ = {isa = PBXBuildFile; fileRef = 9F944215C8FEEA38A5A23E0A /* Pods_Parstagram.framework */; };
		1C30B2EE1A5989FE135C8846 /* Pods_ParstagramTests.framework in Frameworks */ = {isa = PBXBuildFile; fileRef = 4157AEFC6172EA3469930391 /* Pods_ParstagramTests.framework */; };
		930B2AC1237B69F300ABA33A /* LoginViewController.swift in Sources */ = {isa = PBXBuildFile; fileRef = 930B2AC0237B69F300ABA33A /* LoginViewController.swift */; };
		930B2AC3237B6A0B00ABA33A /* FeedViewController.swift in Sources */ = {isa = PBXBuildFile; fileRef = 930B2AC2237B6A0B00ABA33A /* FeedViewController.swift */; };
		930B2AC5237B765500ABA33A /* CameraViewController.swift in Sources */ = {isa = PBXBuildFile; fileRef = 930B2AC4237B765500ABA33A /* CameraViewController.swift */; };
		930B2AC7237DF2B400ABA33A /* PostCell.swift in Sources */ = {isa = PBXBuildFile; fileRef = 930B2AC6237DF2B400ABA33A /* PostCell.swift */; };
		93CAFF5E237B60E400D6280B /* AppDelegate.swift in Sources */ = {isa = PBXBuildFile; fileRef = 93CAFF5D237B60E400D6280B /* AppDelegate.swift */; };
		93CAFF60237B60E400D6280B /* SceneDelegate.swift in Sources */ = {isa = PBXBuildFile; fileRef = 93CAFF5F237B60E400D6280B /* SceneDelegate.swift */; };
		93CAFF65237B60E400D6280B /* Main.storyboard in Resources */ = {isa = PBXBuildFile; fileRef = 93CAFF63237B60E400D6280B /* Main.storyboard */; };
		93CAFF67237B60ED00D6280B /* Assets.xcassets in Resources */ = {isa = PBXBuildFile; fileRef = 93CAFF66237B60ED00D6280B /* Assets.xcassets */; };
		93CAFF6A237B60ED00D6280B /* LaunchScreen.storyboard in Resources */ = {isa = PBXBuildFile; fileRef = 93CAFF68237B60ED00D6280B /* LaunchScreen.storyboard */; };
		93CAFF75237B60ED00D6280B /* ParstagramTests.swift in Sources */ = {isa = PBXBuildFile; fileRef = 93CAFF74237B60ED00D6280B /* ParstagramTests.swift */; };
		93CAFF80237B60EE00D6280B /* ParstagramUITests.swift in Sources */ = {isa = PBXBuildFile; fileRef = 93CAFF7F237B60EE00D6280B /* ParstagramUITests.swift */; };
		AF8ECBF1E31DE89052D22850 /* Pods_Parstagram_ParstagramUITests.framework in Frameworks */ = {isa = PBXBuildFile; fileRef = F5E25968114EA23795AED679 /* Pods_Parstagram_ParstagramUITests.framework */; };
/* End PBXBuildFile section */

/* Begin PBXContainerItemProxy section */
		93CAFF71237B60ED00D6280B /* PBXContainerItemProxy */ = {
			isa = PBXContainerItemProxy;
			containerPortal = 93CAFF52237B60E400D6280B /* Project object */;
			proxyType = 1;
			remoteGlobalIDString = 93CAFF59237B60E400D6280B;
			remoteInfo = Parstagram;
		};
		93CAFF7C237B60EE00D6280B /* PBXContainerItemProxy */ = {
			isa = PBXContainerItemProxy;
			containerPortal = 93CAFF52237B60E400D6280B /* Project object */;
			proxyType = 1;
			remoteGlobalIDString = 93CAFF59237B60E400D6280B;
			remoteInfo = Parstagram;
		};
/* End PBXContainerItemProxy section */

/* Begin PBXFileReference section */
		4157AEFC6172EA3469930391 /* Pods_ParstagramTests.framework */ = {isa = PBXFileReference; explicitFileType = wrapper.framework; includeInIndex = 0; path = Pods_ParstagramTests.framework; sourceTree = BUILT_PRODUCTS_DIR; };
		5E687307EFF21FA4034B1F53 /* Pods-ParstagramTests.release.xcconfig */ = {isa = PBXFileReference; includeInIndex = 1; lastKnownFileType = text.xcconfig; name = "Pods-ParstagramTests.release.xcconfig"; path = "Target Support Files/Pods-ParstagramTests/Pods-ParstagramTests.release.xcconfig"; sourceTree = "<group>"; };
		8FA873320192D86CF7F65288 /* Pods-Parstagram-ParstagramUITests.debug.xcconfig */ = {isa = PBXFileReference; includeInIndex = 1; lastKnownFileType = text.xcconfig; name = "Pods-Parstagram-ParstagramUITests.debug.xcconfig"; path = "Target Support Files/Pods-Parstagram-ParstagramUITests/Pods-Parstagram-ParstagramUITests.debug.xcconfig"; sourceTree = "<group>"; };
		930B2AC0237B69F300ABA33A /* LoginViewController.swift */ = {isa = PBXFileReference; lastKnownFileType = sourcecode.swift; path = LoginViewController.swift; sourceTree = "<group>"; };
		930B2AC2237B6A0B00ABA33A /* FeedViewController.swift */ = {isa = PBXFileReference; lastKnownFileType = sourcecode.swift; path = FeedViewController.swift; sourceTree = "<group>"; };
		930B2AC4237B765500ABA33A /* CameraViewController.swift */ = {isa = PBXFileReference; lastKnownFileType = sourcecode.swift; path = CameraViewController.swift; sourceTree = "<group>"; };
		930B2AC6237DF2B400ABA33A /* PostCell.swift */ = {isa = PBXFileReference; lastKnownFileType = sourcecode.swift; path = PostCell.swift; sourceTree = "<group>"; };
		93CAFF5A237B60E400D6280B /* Parstagram.app */ = {isa = PBXFileReference; explicitFileType = wrapper.application; includeInIndex = 0; path = Parstagram.app; sourceTree = BUILT_PRODUCTS_DIR; };
		93CAFF5D237B60E400D6280B /* AppDelegate.swift */ = {isa = PBXFileReference; lastKnownFileType = sourcecode.swift; path = AppDelegate.swift; sourceTree = "<group>"; };
		93CAFF5F237B60E400D6280B /* SceneDelegate.swift */ = {isa = PBXFileReference; lastKnownFileType = sourcecode.swift; path = SceneDelegate.swift; sourceTree = "<group>"; };
		93CAFF64237B60E400D6280B /* Base */ = {isa = PBXFileReference; lastKnownFileType = file.storyboard; name = Base; path = Base.lproj/Main.storyboard; sourceTree = "<group>"; };
		93CAFF66237B60ED00D6280B /* Assets.xcassets */ = {isa = PBXFileReference; lastKnownFileType = folder.assetcatalog; path = Assets.xcassets; sourceTree = "<group>"; };
		93CAFF69237B60ED00D6280B /* Base */ = {isa = PBXFileReference; lastKnownFileType = file.storyboard; name = Base; path = Base.lproj/LaunchScreen.storyboard; sourceTree = "<group>"; };
		93CAFF6B237B60ED00D6280B /* Info.plist */ = {isa = PBXFileReference; lastKnownFileType = text.plist.xml; path = Info.plist; sourceTree = "<group>"; };
		93CAFF70237B60ED00D6280B /* ParstagramTests.xctest */ = {isa = PBXFileReference; explicitFileType = wrapper.cfbundle; includeInIndex = 0; path = ParstagramTests.xctest; sourceTree = BUILT_PRODUCTS_DIR; };
		93CAFF74237B60ED00D6280B /* ParstagramTests.swift */ = {isa = PBXFileReference; lastKnownFileType = sourcecode.swift; path = ParstagramTests.swift; sourceTree = "<group>"; };
		93CAFF76237B60ED00D6280B /* Info.plist */ = {isa = PBXFileReference; lastKnownFileType = text.plist.xml; path = Info.plist; sourceTree = "<group>"; };
		93CAFF7B237B60EE00D6280B /* ParstagramUITests.xctest */ = {isa = PBXFileReference; explicitFileType = wrapper.cfbundle; includeInIndex = 0; path = ParstagramUITests.xctest; sourceTree = BUILT_PRODUCTS_DIR; };
		93CAFF7F237B60EE00D6280B /* ParstagramUITests.swift */ = {isa = PBXFileReference; lastKnownFileType = sourcecode.swift; path = ParstagramUITests.swift; sourceTree = "<group>"; };
		93CAFF81237B60EE00D6280B /* Info.plist */ = {isa = PBXFileReference; lastKnownFileType = text.plist.xml; path = Info.plist; sourceTree = "<group>"; };
		9F944215C8FEEA38A5A23E0A /* Pods_Parstagram.framework */ = {isa = PBXFileReference; explicitFileType = wrapper.framework; includeInIndex = 0; path = Pods_Parstagram.framework; sourceTree = BUILT_PRODUCTS_DIR; };
		A875FA0DFB3BD987D8905B7A /* Pods-ParstagramTests.debug.xcconfig */ = {isa = PBXFileReference; includeInIndex = 1; lastKnownFileType = text.xcconfig; name = "Pods-ParstagramTests.debug.xcconfig"; path = "Target Support Files/Pods-ParstagramTests/Pods-ParstagramTests.debug.xcconfig"; sourceTree = "<group>"; };
		AA7E5D65B9B7B8F09AFE62F8 /* Pods-Parstagram.release.xcconfig */ = {isa = PBXFileReference; includeInIndex = 1; lastKnownFileType = text.xcconfig; name = "Pods-Parstagram.release.xcconfig"; path = "Target Support Files/Pods-Parstagram/Pods-Parstagram.release.xcconfig"; sourceTree = "<group>"; };
		B6B56DA5F6AD1A21C0A5D25C /* Pods-Parstagram-ParstagramUITests.release.xcconfig */ = {isa = PBXFileReference; includeInIndex = 1; lastKnownFileType = text.xcconfig; name = "Pods-Parstagram-ParstagramUITests.release.xcconfig"; path = "Target Support Files/Pods-Parstagram-ParstagramUITests/Pods-Parstagram-ParstagramUITests.release.xcconfig"; sourceTree = "<group>"; };
		F5E25968114EA23795AED679 /* Pods_Parstagram_ParstagramUITests.framework */ = {isa = PBXFileReference; explicitFileType = wrapper.framework; includeInIndex = 0; path = Pods_Parstagram_ParstagramUITests.framework; sourceTree = BUILT_PRODUCTS_DIR; };
		F8FF3157F9A9B99E33F9FD95 /* Pods-Parstagram.debug.xcconfig */ = {isa = PBXFileReference; includeInIndex = 1; lastKnownFileType = text.xcconfig; name = "Pods-Parstagram.debug.xcconfig"; path = "Target Support Files/Pods-Parstagram/Pods-Parstagram.debug.xcconfig"; sourceTree = "<group>"; };
/* End PBXFileReference section */

/* Begin PBXFrameworksBuildPhase section */
		93CAFF57237B60E400D6280B /* Frameworks */ = {
			isa = PBXFrameworksBuildPhase;
			buildActionMask = 2147483647;
			files = (
				01FE4F1FC41977A4D0CE202A /* Pods_Parstagram.framework in Frameworks */,
			);
			runOnlyForDeploymentPostprocessing = 0;
		};
		93CAFF6D237B60ED00D6280B /* Frameworks */ = {
			isa = PBXFrameworksBuildPhase;
			buildActionMask = 2147483647;
			files = (
				1C30B2EE1A5989FE135C8846 /* Pods_ParstagramTests.framework in Frameworks */,
			);
			runOnlyForDeploymentPostprocessing = 0;
		};
		93CAFF78237B60EE00D6280B /* Frameworks */ = {
			isa = PBXFrameworksBuildPhase;
			buildActionMask = 2147483647;
			files = (
				AF8ECBF1E31DE89052D22850 /* Pods_Parstagram_ParstagramUITests.framework in Frameworks */,
			);
			runOnlyForDeploymentPostprocessing = 0;
		};
/* End PBXFrameworksBuildPhase section */

/* Begin PBXGroup section */
		0B26C62FCC9B1C3610F9C755 /* Pods */ = {
			isa = PBXGroup;
			children = (
				F8FF3157F9A9B99E33F9FD95 /* Pods-Parstagram.debug.xcconfig */,
				AA7E5D65B9B7B8F09AFE62F8 /* Pods-Parstagram.release.xcconfig */,
				8FA873320192D86CF7F65288 /* Pods-Parstagram-ParstagramUITests.debug.xcconfig */,
				B6B56DA5F6AD1A21C0A5D25C /* Pods-Parstagram-ParstagramUITests.release.xcconfig */,
				A875FA0DFB3BD987D8905B7A /* Pods-ParstagramTests.debug.xcconfig */,
				5E687307EFF21FA4034B1F53 /* Pods-ParstagramTests.release.xcconfig */,
			);
			path = Pods;
			sourceTree = "<group>";
		};
		1225997FAC0A1AC8EAA93C8B /* Frameworks */ = {
			isa = PBXGroup;
			children = (
				9F944215C8FEEA38A5A23E0A /* Pods_Parstagram.framework */,
				F5E25968114EA23795AED679 /* Pods_Parstagram_ParstagramUITests.framework */,
				4157AEFC6172EA3469930391 /* Pods_ParstagramTests.framework */,
			);
			name = Frameworks;
			sourceTree = "<group>";
		};
		93CAFF51237B60E400D6280B = {
			isa = PBXGroup;
			children = (
				93CAFF5C237B60E400D6280B /* Parstagram */,
				93CAFF73237B60ED00D6280B /* ParstagramTests */,
				93CAFF7E237B60EE00D6280B /* ParstagramUITests */,
				93CAFF5B237B60E400D6280B /* Products */,
				0B26C62FCC9B1C3610F9C755 /* Pods */,
				1225997FAC0A1AC8EAA93C8B /* Frameworks */,
			);
			sourceTree = "<group>";
		};
		93CAFF5B237B60E400D6280B /* Products */ = {
			isa = PBXGroup;
			children = (
				93CAFF5A237B60E400D6280B /* Parstagram.app */,
				93CAFF70237B60ED00D6280B /* ParstagramTests.xctest */,
				93CAFF7B237B60EE00D6280B /* ParstagramUITests.xctest */,
			);
			name = Products;
			sourceTree = "<group>";
		};
		93CAFF5C237B60E400D6280B /* Parstagram */ = {
			isa = PBXGroup;
			children = (
				93CAFF5D237B60E400D6280B /* AppDelegate.swift */,
				93CAFF5F237B60E400D6280B /* SceneDelegate.swift */,
				93CAFF63237B60E400D6280B /* Main.storyboard */,
				93CAFF66237B60ED00D6280B /* Assets.xcassets */,
				93CAFF68237B60ED00D6280B /* LaunchScreen.storyboard */,
				93CAFF6B237B60ED00D6280B /* Info.plist */,
				930B2AC0237B69F300ABA33A /* LoginViewController.swift */,
				930B2AC2237B6A0B00ABA33A /* FeedViewController.swift */,
				930B2AC4237B765500ABA33A /* CameraViewController.swift */,
				930B2AC6237DF2B400ABA33A /* PostCell.swift */,
			);
			path = Parstagram;
			sourceTree = "<group>";
		};
		93CAFF73237B60ED00D6280B /* ParstagramTests */ = {
			isa = PBXGroup;
			children = (
				93CAFF74237B60ED00D6280B /* ParstagramTests.swift */,
				93CAFF76237B60ED00D6280B /* Info.plist */,
			);
			path = ParstagramTests;
			sourceTree = "<group>";
		};
		93CAFF7E237B60EE00D6280B /* ParstagramUITests */ = {
			isa = PBXGroup;
			children = (
				93CAFF7F237B60EE00D6280B /* ParstagramUITests.swift */,
				93CAFF81237B60EE00D6280B /* Info.plist */,
			);
			path = ParstagramUITests;
			sourceTree = "<group>";
		};
/* End PBXGroup section */

/* Begin PBXNativeTarget section */
		93CAFF59237B60E400D6280B /* Parstagram */ = {
			isa = PBXNativeTarget;
			buildConfigurationList = 93CAFF84237B60EE00D6280B /* Build configuration list for PBXNativeTarget "Parstagram" */;
			buildPhases = (
				668AF5BA7FD178A97BE29DB0 /* [CP] Check Pods Manifest.lock */,
				93CAFF56237B60E400D6280B /* Sources */,
				93CAFF57237B60E400D6280B /* Frameworks */,
				93CAFF58237B60E400D6280B /* Resources */,
				B0AB3B9A41AC21AF5FA9C346 /* [CP] Embed Pods Frameworks */,
			);
			buildRules = (
			);
			dependencies = (
			);
			name = Parstagram;
			productName = Parstagram;
			productReference = 93CAFF5A237B60E400D6280B /* Parstagram.app */;
			productType = "com.apple.product-type.application";
		};
		93CAFF6F237B60ED00D6280B /* ParstagramTests */ = {
			isa = PBXNativeTarget;
			buildConfigurationList = 93CAFF87237B60EE00D6280B /* Build configuration list for PBXNativeTarget "ParstagramTests" */;
			buildPhases = (
				EF119B56A645EABEA6653098 /* [CP] Check Pods Manifest.lock */,
				93CAFF6C237B60ED00D6280B /* Sources */,
				93CAFF6D237B60ED00D6280B /* Frameworks */,
				93CAFF6E237B60ED00D6280B /* Resources */,
			);
			buildRules = (
			);
			dependencies = (
				93CAFF72237B60ED00D6280B /* PBXTargetDependency */,
			);
			name = ParstagramTests;
			productName = ParstagramTests;
			productReference = 93CAFF70237B60ED00D6280B /* ParstagramTests.xctest */;
			productType = "com.apple.product-type.bundle.unit-test";
		};
		93CAFF7A237B60EE00D6280B /* ParstagramUITests */ = {
			isa = PBXNativeTarget;
			buildConfigurationList = 93CAFF8A237B60EE00D6280B /* Build configuration list for PBXNativeTarget "ParstagramUITests" */;
			buildPhases = (
				2B30FAFD65DC0158BC00C2EF /* [CP] Check Pods Manifest.lock */,
				93CAFF77237B60EE00D6280B /* Sources */,
				93CAFF78237B60EE00D6280B /* Frameworks */,
				93CAFF79237B60EE00D6280B /* Resources */,
				6F2FF997B303606597745983 /* [CP] Embed Pods Frameworks */,
			);
			buildRules = (
			);
			dependencies = (
				93CAFF7D237B60EE00D6280B /* PBXTargetDependency */,
			);
			name = ParstagramUITests;
			productName = ParstagramUITests;
			productReference = 93CAFF7B237B60EE00D6280B /* ParstagramUITests.xctest */;
			productType = "com.apple.product-type.bundle.ui-testing";
		};
/* End PBXNativeTarget section */

/* Begin PBXProject section */
		93CAFF52237B60E400D6280B /* Project object */ = {
			isa = PBXProject;
			attributes = {
				LastSwiftUpdateCheck = 1110;
				LastUpgradeCheck = 1110;
				ORGANIZATIONNAME = "Owen Ahmed";
				TargetAttributes = {
					93CAFF59237B60E400D6280B = {
						CreatedOnToolsVersion = 11.1;
					};
					93CAFF6F237B60ED00D6280B = {
						CreatedOnToolsVersion = 11.1;
						TestTargetID = 93CAFF59237B60E400D6280B;
					};
					93CAFF7A237B60EE00D6280B = {
						CreatedOnToolsVersion = 11.1;
						TestTargetID = 93CAFF59237B60E400D6280B;
					};
				};
			};
			buildConfigurationList = 93CAFF55237B60E400D6280B /* Build configuration list for PBXProject "Parstagram" */;
			compatibilityVersion = "Xcode 9.3";
			developmentRegion = en;
			hasScannedForEncodings = 0;
			knownRegions = (
				en,
				Base,
			);
			mainGroup = 93CAFF51237B60E400D6280B;
			productRefGroup = 93CAFF5B237B60E400D6280B /* Products */;
			projectDirPath = "";
			projectRoot = "";
			targets = (
				93CAFF59237B60E400D6280B /* Parstagram */,
				93CAFF6F237B60ED00D6280B /* ParstagramTests */,
				93CAFF7A237B60EE00D6280B /* ParstagramUITests */,
			);
		};
/* End PBXProject section */

/* Begin PBXResourcesBuildPhase section */
		93CAFF58237B60E400D6280B /* Resources */ = {
			isa = PBXResourcesBuildPhase;
			buildActionMask = 2147483647;
			files = (
				93CAFF6A237B60ED00D6280B /* LaunchScreen.storyboard in Resources */,
				93CAFF67237B60ED00D6280B /* Assets.xcassets in Resources */,
				93CAFF65237B60E400D6280B /* Main.storyboard in Resources */,
			);
			runOnlyForDeploymentPostprocessing = 0;
		};
		93CAFF6E237B60ED00D6280B /* Resources */ = {
			isa = PBXResourcesBuildPhase;
			buildActionMask = 2147483647;
			files = (
			);
			runOnlyForDeploymentPostprocessing = 0;
		};
		93CAFF79237B60EE00D6280B /* Resources */ = {
			isa = PBXResourcesBuildPhase;
			buildActionMask = 2147483647;
			files = (
			);
			runOnlyForDeploymentPostprocessing = 0;
		};
/* End PBXResourcesBuildPhase section */

/* Begin PBXShellScriptBuildPhase section */
		2B30FAFD65DC0158BC00C2EF /* [CP] Check Pods Manifest.lock */ = {
			isa = PBXShellScriptBuildPhase;
			buildActionMask = 2147483647;
			files = (
			);
			inputFileListPaths = (
			);
			inputPaths = (
				"${PODS_PODFILE_DIR_PATH}/Podfile.lock",
				"${PODS_ROOT}/Manifest.lock",
			);
			name = "[CP] Check Pods Manifest.lock";
			outputFileListPaths = (
			);
			outputPaths = (
				"$(DERIVED_FILE_DIR)/Pods-Parstagram-ParstagramUITests-checkManifestLockResult.txt",
			);
			runOnlyForDeploymentPostprocessing = 0;
			shellPath = /bin/sh;
			shellScript = "diff \"${PODS_PODFILE_DIR_PATH}/Podfile.lock\" \"${PODS_ROOT}/Manifest.lock\" > /dev/null\nif [ $? != 0 ] ; then\n    # print error to STDERR\n    echo \"error: The sandbox is not in sync with the Podfile.lock. Run 'pod install' or update your CocoaPods installation.\" >&2\n    exit 1\nfi\n# This output is used by Xcode 'outputs' to avoid re-running this script phase.\necho \"SUCCESS\" > \"${SCRIPT_OUTPUT_FILE_0}\"\n";
			showEnvVarsInLog = 0;
		};
		668AF5BA7FD178A97BE29DB0 /* [CP] Check Pods Manifest.lock */ = {
			isa = PBXShellScriptBuildPhase;
			buildActionMask = 2147483647;
			files = (
			);
			inputFileListPaths = (
			);
			inputPaths = (
				"${PODS_PODFILE_DIR_PATH}/Podfile.lock",
				"${PODS_ROOT}/Manifest.lock",
			);
			name = "[CP] Check Pods Manifest.lock";
			outputFileListPaths = (
			);
			outputPaths = (
				"$(DERIVED_FILE_DIR)/Pods-Parstagram-checkManifestLockResult.txt",
			);
			runOnlyForDeploymentPostprocessing = 0;
			shellPath = /bin/sh;
			shellScript = "diff \"${PODS_PODFILE_DIR_PATH}/Podfile.lock\" \"${PODS_ROOT}/Manifest.lock\" > /dev/null\nif [ $? != 0 ] ; then\n    # print error to STDERR\n    echo \"error: The sandbox is not in sync with the Podfile.lock. Run 'pod install' or update your CocoaPods installation.\" >&2\n    exit 1\nfi\n# This output is used by Xcode 'outputs' to avoid re-running this script phase.\necho \"SUCCESS\" > \"${SCRIPT_OUTPUT_FILE_0}\"\n";
			showEnvVarsInLog = 0;
		};
		6F2FF997B303606597745983 /* [CP] Embed Pods Frameworks */ = {
			isa = PBXShellScriptBuildPhase;
			buildActionMask = 2147483647;
			files = (
			);
			inputFileListPaths = (
				"${PODS_ROOT}/Target Support Files/Pods-Parstagram-ParstagramUITests/Pods-Parstagram-ParstagramUITests-frameworks-${CONFIGURATION}-input-files.xcfilelist",
			);
			name = "[CP] Embed Pods Frameworks";
			outputFileListPaths = (
				"${PODS_ROOT}/Target Support Files/Pods-Parstagram-ParstagramUITests/Pods-Parstagram-ParstagramUITests-frameworks-${CONFIGURATION}-output-files.xcfilelist",
			);
			runOnlyForDeploymentPostprocessing = 0;
			shellPath = /bin/sh;
			shellScript = "\"${PODS_ROOT}/Target Support Files/Pods-Parstagram-ParstagramUITests/Pods-Parstagram-ParstagramUITests-frameworks.sh\"\n";
			showEnvVarsInLog = 0;
		};
		B0AB3B9A41AC21AF5FA9C346 /* [CP] Embed Pods Frameworks */ = {
			isa = PBXShellScriptBuildPhase;
			buildActionMask = 2147483647;
			files = (
			);
			inputFileListPaths = (
				"${PODS_ROOT}/Target Support Files/Pods-Parstagram/Pods-Parstagram-frameworks-${CONFIGURATION}-input-files.xcfilelist",
			);
			name = "[CP] Embed Pods Frameworks";
			outputFileListPaths = (
				"${PODS_ROOT}/Target Support Files/Pods-Parstagram/Pods-Parstagram-frameworks-${CONFIGURATION}-output-files.xcfilelist",
			);
			runOnlyForDeploymentPostprocessing = 0;
			shellPath = /bin/sh;
			shellScript = "\"${PODS_ROOT}/Target Support Files/Pods-Parstagram/Pods-Parstagram-frameworks.sh\"\n";
			showEnvVarsInLog = 0;
		};
		EF119B56A645EABEA6653098 /* [CP] Check Pods Manifest.lock */ = {
			isa = PBXShellScriptBuildPhase;
			buildActionMask = 2147483647;
			files = (
			);
			inputFileListPaths = (
			);
			inputPaths = (
				"${PODS_PODFILE_DIR_PATH}/Podfile.lock",
				"${PODS_ROOT}/Manifest.lock",
			);
			name = "[CP] Check Pods Manifest.lock";
			outputFileListPaths = (
			);
			outputPaths = (
				"$(DERIVED_FILE_DIR)/Pods-ParstagramTests-checkManifestLockResult.txt",
			);
			runOnlyForDeploymentPostprocessing = 0;
			shellPath = /bin/sh;
			shellScript = "diff \"${PODS_PODFILE_DIR_PATH}/Podfile.lock\" \"${PODS_ROOT}/Manifest.lock\" > /dev/null\nif [ $? != 0 ] ; then\n    # print error to STDERR\n    echo \"error: The sandbox is not in sync with the Podfile.lock. Run 'pod install' or update your CocoaPods installation.\" >&2\n    exit 1\nfi\n# This output is used by Xcode 'outputs' to avoid re-running this script phase.\necho \"SUCCESS\" > \"${SCRIPT_OUTPUT_FILE_0}\"\n";
			showEnvVarsInLog = 0;
		};
/* End PBXShellScriptBuildPhase section */

/* Begin PBXSourcesBuildPhase section */
		93CAFF56237B60E400D6280B /* Sources */ = {
			isa = PBXSourcesBuildPhase;
			buildActionMask = 2147483647;
			files = (
				930B2AC1237B69F300ABA33A /* LoginViewController.swift in Sources */,
				930B2AC5237B765500ABA33A /* CameraViewController.swift in Sources */,
				93CAFF5E237B60E400D6280B /* AppDelegate.swift in Sources */,
				930B2AC3237B6A0B00ABA33A /* FeedViewController.swift in Sources */,
				93CAFF60237B60E400D6280B /* SceneDelegate.swift in Sources */,
				930B2AC7237DF2B400ABA33A /* PostCell.swift in Sources */,
			);
			runOnlyForDeploymentPostprocessing = 0;
		};
		93CAFF6C237B60ED00D6280B /* Sources */ = {
			isa = PBXSourcesBuildPhase;
			buildActionMask = 2147483647;
			files = (
				93CAFF75237B60ED00D6280B /* ParstagramTests.swift in Sources */,
			);
			runOnlyForDeploymentPostprocessing = 0;
		};
		93CAFF77237B60EE00D6280B /* Sources */ = {
			isa = PBXSourcesBuildPhase;
			buildActionMask = 2147483647;
			files = (
				93CAFF80237B60EE00D6280B /* ParstagramUITests.swift in Sources */,
			);
			runOnlyForDeploymentPostprocessing = 0;
		};
/* End PBXSourcesBuildPhase section */

/* Begin PBXTargetDependency section */
		93CAFF72237B60ED00D6280B /* PBXTargetDependency */ = {
			isa = PBXTargetDependency;
			target = 93CAFF59237B60E400D6280B /* Parstagram */;
			targetProxy = 93CAFF71237B60ED00D6280B /* PBXContainerItemProxy */;
		};
		93CAFF7D237B60EE00D6280B /* PBXTargetDependency */ = {
			isa = PBXTargetDependency;
			target = 93CAFF59237B60E400D6280B /* Parstagram */;
			targetProxy = 93CAFF7C237B60EE00D6280B /* PBXContainerItemProxy */;
		};
/* End PBXTargetDependency section */

/* Begin PBXVariantGroup section */
		93CAFF63237B60E400D6280B /* Main.storyboard */ = {
			isa = PBXVariantGroup;
			children = (
				93CAFF64237B60E400D6280B /* Base */,
			);
			name = Main.storyboard;
			sourceTree = "<group>";
		};
		93CAFF68237B60ED00D6280B /* LaunchScreen.storyboard */ = {
			isa = PBXVariantGroup;
			children = (
				93CAFF69237B60ED00D6280B /* Base */,
			);
			name = LaunchScreen.storyboard;
			sourceTree = "<group>";
		};
/* End PBXVariantGroup section */

/* Begin XCBuildConfiguration section */
		93CAFF82237B60EE00D6280B /* Debug */ = {
			isa = XCBuildConfiguration;
			buildSettings = {
				ALWAYS_SEARCH_USER_PATHS = NO;
				CLANG_ANALYZER_NONNULL = YES;
				CLANG_ANALYZER_NUMBER_OBJECT_CONVERSION = YES_AGGRESSIVE;
				CLANG_CXX_LANGUAGE_STANDARD = "gnu++14";
				CLANG_CXX_LIBRARY = "libc++";
				CLANG_ENABLE_MODULES = YES;
				CLANG_ENABLE_OBJC_ARC = YES;
				CLANG_ENABLE_OBJC_WEAK = YES;
				CLANG_WARN_BLOCK_CAPTURE_AUTORELEASING = YES;
				CLANG_WARN_BOOL_CONVERSION = YES;
				CLANG_WARN_COMMA = YES;
				CLANG_WARN_CONSTANT_CONVERSION = YES;
				CLANG_WARN_DEPRECATED_OBJC_IMPLEMENTATIONS = YES;
				CLANG_WARN_DIRECT_OBJC_ISA_USAGE = YES_ERROR;
				CLANG_WARN_DOCUMENTATION_COMMENTS = YES;
				CLANG_WARN_EMPTY_BODY = YES;
				CLANG_WARN_ENUM_CONVERSION = YES;
				CLANG_WARN_INFINITE_RECURSION = YES;
				CLANG_WARN_INT_CONVERSION = YES;
				CLANG_WARN_NON_LITERAL_NULL_CONVERSION = YES;
				CLANG_WARN_OBJC_IMPLICIT_RETAIN_SELF = YES;
				CLANG_WARN_OBJC_LITERAL_CONVERSION = YES;
				CLANG_WARN_OBJC_ROOT_CLASS = YES_ERROR;
				CLANG_WARN_RANGE_LOOP_ANALYSIS = YES;
				CLANG_WARN_STRICT_PROTOTYPES = YES;
				CLANG_WARN_SUSPICIOUS_MOVE = YES;
				CLANG_WARN_UNGUARDED_AVAILABILITY = YES_AGGRESSIVE;
				CLANG_WARN_UNREACHABLE_CODE = YES;
				CLANG_WARN__DUPLICATE_METHOD_MATCH = YES;
				COPY_PHASE_STRIP = NO;
				DEBUG_INFORMATION_FORMAT = dwarf;
				ENABLE_STRICT_OBJC_MSGSEND = YES;
				ENABLE_TESTABILITY = YES;
				GCC_C_LANGUAGE_STANDARD = gnu11;
				GCC_DYNAMIC_NO_PIC = NO;
				GCC_NO_COMMON_BLOCKS = YES;
				GCC_OPTIMIZATION_LEVEL = 0;
				GCC_PREPROCESSOR_DEFINITIONS = (
					"DEBUG=1",
					"$(inherited)",
				);
				GCC_WARN_64_TO_32_BIT_CONVERSION = YES;
				GCC_WARN_ABOUT_RETURN_TYPE = YES_ERROR;
				GCC_WARN_UNDECLARED_SELECTOR = YES;
				GCC_WARN_UNINITIALIZED_AUTOS = YES_AGGRESSIVE;
				GCC_WARN_UNUSED_FUNCTION = YES;
				GCC_WARN_UNUSED_VARIABLE = YES;
				IPHONEOS_DEPLOYMENT_TARGET = 13.1;
				MTL_ENABLE_DEBUG_INFO = INCLUDE_SOURCE;
				MTL_FAST_MATH = YES;
				ONLY_ACTIVE_ARCH = YES;
				SDKROOT = iphoneos;
				SWIFT_ACTIVE_COMPILATION_CONDITIONS = DEBUG;
				SWIFT_OPTIMIZATION_LEVEL = "-Onone";
			};
			name = Debug;
		};
		93CAFF83237B60EE00D6280B /* Release */ = {
			isa = XCBuildConfiguration;
			buildSettings = {
				ALWAYS_SEARCH_USER_PATHS = NO;
				CLANG_ANALYZER_NONNULL = YES;
				CLANG_ANALYZER_NUMBER_OBJECT_CONVERSION = YES_AGGRESSIVE;
				CLANG_CXX_LANGUAGE_STANDARD = "gnu++14";
				CLANG_CXX_LIBRARY = "libc++";
				CLANG_ENABLE_MODULES = YES;
				CLANG_ENABLE_OBJC_ARC = YES;
				CLANG_ENABLE_OBJC_WEAK = YES;
				CLANG_WARN_BLOCK_CAPTURE_AUTORELEASING = YES;
				CLANG_WARN_BOOL_CONVERSION = YES;
				CLANG_WARN_COMMA = YES;
				CLANG_WARN_CONSTANT_CONVERSION = YES;
				CLANG_WARN_DEPRECATED_OBJC_IMPLEMENTATIONS = YES;
				CLANG_WARN_DIRECT_OBJC_ISA_USAGE = YES_ERROR;
				CLANG_WARN_DOCUMENTATION_COMMENTS = YES;
				CLANG_WARN_EMPTY_BODY = YES;
				CLANG_WARN_ENUM_CONVERSION = YES;
				CLANG_WARN_INFINITE_RECURSION = YES;
				CLANG_WARN_INT_CONVERSION = YES;
				CLANG_WARN_NON_LITERAL_NULL_CONVERSION = YES;
				CLANG_WARN_OBJC_IMPLICIT_RETAIN_SELF = YES;
				CLANG_WARN_OBJC_LITERAL_CONVERSION = YES;
				CLANG_WARN_OBJC_ROOT_CLASS = YES_ERROR;
				CLANG_WARN_RANGE_LOOP_ANALYSIS = YES;
				CLANG_WARN_STRICT_PROTOTYPES = YES;
				CLANG_WARN_SUSPICIOUS_MOVE = YES;
				CLANG_WARN_UNGUARDED_AVAILABILITY = YES_AGGRESSIVE;
				CLANG_WARN_UNREACHABLE_CODE = YES;
				CLANG_WARN__DUPLICATE_METHOD_MATCH = YES;
				COPY_PHASE_STRIP = NO;
				DEBUG_INFORMATION_FORMAT = "dwarf-with-dsym";
				ENABLE_NS_ASSERTIONS = NO;
				ENABLE_STRICT_OBJC_MSGSEND = YES;
				GCC_C_LANGUAGE_STANDARD = gnu11;
				GCC_NO_COMMON_BLOCKS = YES;
				GCC_WARN_64_TO_32_BIT_CONVERSION = YES;
				GCC_WARN_ABOUT_RETURN_TYPE = YES_ERROR;
				GCC_WARN_UNDECLARED_SELECTOR = YES;
				GCC_WARN_UNINITIALIZED_AUTOS = YES_AGGRESSIVE;
				GCC_WARN_UNUSED_FUNCTION = YES;
				GCC_WARN_UNUSED_VARIABLE = YES;
				IPHONEOS_DEPLOYMENT_TARGET = 13.1;
				MTL_ENABLE_DEBUG_INFO = NO;
				MTL_FAST_MATH = YES;
				SDKROOT = iphoneos;
				SWIFT_COMPILATION_MODE = wholemodule;
				SWIFT_OPTIMIZATION_LEVEL = "-O";
				VALIDATE_PRODUCT = YES;
			};
			name = Release;
		};
		93CAFF85237B60EE00D6280B /* Debug */ = {
			isa = XCBuildConfiguration;
			baseConfigurationReference = F8FF3157F9A9B99E33F9FD95 /* Pods-Parstagram.debug.xcconfig */;
			buildSettings = {
				ASSETCATALOG_COMPILER_APPICON_NAME = AppIcon;
				CODE_SIGN_STYLE = Automatic;
				INFOPLIST_FILE = Parstagram/Info.plist;
				LD_RUNPATH_SEARCH_PATHS = (
					"$(inherited)",
					"@executable_path/Frameworks",
				);
				PRODUCT_BUNDLE_IDENTIFIER = Owen.Parstagram;
				PRODUCT_NAME = "$(TARGET_NAME)";
				SWIFT_VERSION = 5.0;
				TARGETED_DEVICE_FAMILY = "1,2";
			};
			name = Debug;
		};
		93CAFF86237B60EE00D6280B /* Release */ = {
			isa = XCBuildConfiguration;
			baseConfigurationReference = AA7E5D65B9B7B8F09AFE62F8 /* Pods-Parstagram.release.xcconfig */;
			buildSettings = {
				ASSETCATALOG_COMPILER_APPICON_NAME = AppIcon;
				CODE_SIGN_STYLE = Automatic;
				INFOPLIST_FILE = Parstagram/Info.plist;
				LD_RUNPATH_SEARCH_PATHS = (
					"$(inherited)",
					"@executable_path/Frameworks",
				);
				PRODUCT_BUNDLE_IDENTIFIER = Owen.Parstagram;
				PRODUCT_NAME = "$(TARGET_NAME)";
				SWIFT_VERSION = 5.0;
				TARGETED_DEVICE_FAMILY = "1,2";
			};
			name = Release;
		};
		93CAFF88237B60EE00D6280B /* Debug */ = {
			isa = XCBuildConfiguration;
			baseConfigurationReference = A875FA0DFB3BD987D8905B7A /* Pods-ParstagramTests.debug.xcconfig */;
			buildSettings = {
				ALWAYS_EMBED_SWIFT_STANDARD_LIBRARIES = YES;
				BUNDLE_LOADER = "$(TEST_HOST)";
				CODE_SIGN_STYLE = Automatic;
				INFOPLIST_FILE = ParstagramTests/Info.plist;
				IPHONEOS_DEPLOYMENT_TARGET = 13.1;
				LD_RUNPATH_SEARCH_PATHS = (
					"$(inherited)",
					"@executable_path/Frameworks",
					"@loader_path/Frameworks",
				);
				PRODUCT_BUNDLE_IDENTIFIER = Owen.ParstagramTests;
				PRODUCT_NAME = "$(TARGET_NAME)";
				SWIFT_VERSION = 5.0;
				TARGETED_DEVICE_FAMILY = "1,2";
				TEST_HOST = "$(BUILT_PRODUCTS_DIR)/Parstagram.app/Parstagram";
			};
			name = Debug;
		};
		93CAFF89237B60EE00D6280B /* Release */ = {
			isa = XCBuildConfiguration;
			baseConfigurationReference = 5E687307EFF21FA4034B1F53 /* Pods-ParstagramTests.release.xcconfig */;
			buildSettings = {
				ALWAYS_EMBED_SWIFT_STANDARD_LIBRARIES = YES;
				BUNDLE_LOADER = "$(TEST_HOST)";
				CODE_SIGN_STYLE = Automatic;
				INFOPLIST_FILE = ParstagramTests/Info.plist;
				IPHONEOS_DEPLOYMENT_TARGET = 13.1;
				LD_RUNPATH_SEARCH_PATHS = (
					"$(inherited)",
					"@executable_path/Frameworks",
					"@loader_path/Frameworks",
				);
				PRODUCT_BUNDLE_IDENTIFIER = Owen.ParstagramTests;
				PRODUCT_NAME = "$(TARGET_NAME)";
				SWIFT_VERSION = 5.0;
				TARGETED_DEVICE_FAMILY = "1,2";
				TEST_HOST = "$(BUILT_PRODUCTS_DIR)/Parstagram.app/Parstagram";
			};
			name = Release;
		};
		93CAFF8B237B60EE00D6280B /* Debug */ = {
			isa = XCBuildConfiguration;
			baseConfigurationReference = 8FA873320192D86CF7F65288 /* Pods-Parstagram-ParstagramUITests.debug.xcconfig */;
			buildSettings = {
				ALWAYS_EMBED_SWIFT_STANDARD_LIBRARIES = YES;
				CODE_SIGN_STYLE = Automatic;
				INFOPLIST_FILE = ParstagramUITests/Info.plist;
				LD_RUNPATH_SEARCH_PATHS = (
					"$(inherited)",
					"@executable_path/Frameworks",
					"@loader_path/Frameworks",
				);
				PRODUCT_BUNDLE_IDENTIFIER = Owen.ParstagramUITests;
				PRODUCT_NAME = "$(TARGET_NAME)";
				SWIFT_VERSION = 5.0;
				TARGETED_DEVICE_FAMILY = "1,2";
				TEST_TARGET_NAME = Parstagram;
			};
			name = Debug;
		};
		93CAFF8C237B60EE00D6280B /* Release */ = {
			isa = XCBuildConfiguration;
			baseConfigurationReference = B6B56DA5F6AD1A21C0A5D25C /* Pods-Parstagram-ParstagramUITests.release.xcconfig */;
			buildSettings = {
				ALWAYS_EMBED_SWIFT_STANDARD_LIBRARIES = YES;
				CODE_SIGN_STYLE = Automatic;
				INFOPLIST_FILE = ParstagramUITests/Info.plist;
				LD_RUNPATH_SEARCH_PATHS = (
					"$(inherited)",
					"@executable_path/Frameworks",
					"@loader_path/Frameworks",
				);
				PRODUCT_BUNDLE_IDENTIFIER = Owen.ParstagramUITests;
				PRODUCT_NAME = "$(TARGET_NAME)";
				SWIFT_VERSION = 5.0;
				TARGETED_DEVICE_FAMILY = "1,2";
				TEST_TARGET_NAME = Parstagram;
			};
			name = Release;
		};
/* End XCBuildConfiguration section */

/* Begin XCConfigurationList section */
		93CAFF55237B60E400D6280B /* Build configuration list for PBXProject "Parstagram" */ = {
			isa = XCConfigurationList;
			buildConfigurations = (
				93CAFF82237B60EE00D6280B /* Debug */,
				93CAFF83237B60EE00D6280B /* Release */,
			);
			defaultConfigurationIsVisible = 0;
			defaultConfigurationName = Release;
		};
		93CAFF84237B60EE00D6280B /* Build configuration list for PBXNativeTarget "Parstagram" */ = {
			isa = XCConfigurationList;
			buildConfigurations = (
				93CAFF85237B60EE00D6280B /* Debug */,
				93CAFF86237B60EE00D6280B /* Release */,
			);
			defaultConfigurationIsVisible = 0;
			defaultConfigurationName = Release;
		};
		93CAFF87237B60EE00D6280B /* Build configuration list for PBXNativeTarget "ParstagramTests" */ = {
			isa = XCConfigurationList;
			buildConfigurations = (
				93CAFF88237B60EE00D6280B /* Debug */,
				93CAFF89237B60EE00D6280B /* Release */,
			);
			defaultConfigurationIsVisible = 0;
			defaultConfigurationName = Release;
		};
		93CAFF8A237B60EE00D6280B /* Build configuration list for PBXNativeTarget "ParstagramUITests" */ = {
			isa = XCConfigurationList;
			buildConfigurations = (
				93CAFF8B237B60EE00D6280B /* Debug */,
				93CAFF8C237B60EE00D6280B /* Release */,
			);
			defaultConfigurationIsVisible = 0;
			defaultConfigurationName = Release;
		};
/* End XCConfigurationList section */
	};
	rootObject = 93CAFF52237B60E400D6280B /* Project object */;
}
