// !$*UTF8*$!
{
	archiveVersion = 1;
	classes = {
	};
	objectVersion = 50;
	objects = {

/* Begin PBXBuildFile section */
		93CAFF5E237B60E400D6280B /* AppDelegate.swift in Sources */ = {isa = PBXBuildFile; fileRef = 93CAFF5D237B60E400D6280B /* AppDelegate.swift */; };
		93CAFF60237B60E400D6280B /* SceneDelegate.swift in Sources */ = {isa = PBXBuildFile; fileRef = 93CAFF5F237B60E400D6280B /* SceneDelegate.swift */; };
		93CAFF62237B60E400D6280B /* ViewController.swift in Sources */ = {isa = PBXBuildFile; fileRef = 93CAFF61237B60E400D6280B /* ViewController.swift */; };
		93CAFF65237B60E400D6280B /* Main.storyboard in Resources */ = {isa = PBXBuildFile; fileRef = 93CAFF63237B60E400D6280B /* Main.storyboard */; };
		93CAFF67237B60ED00D6280B /* Assets.xcassets in Resources */ = {isa = PBXBuildFile; fileRef = 93CAFF66237B60ED00D6280B /* Assets.xcassets */; };
		93CAFF6A237B60ED00D6280B /* LaunchScreen.storyboard in Resources */ = {isa = PBXBuildFile; fileRef = 93CAFF68237B60ED00D6280B /* LaunchScreen.storyboard */; };
		93CAFF75237B60ED00D6280B /* ParstagramTests.swift in Sources */ = {isa = PBXBuildFile; fileRef = 93CAFF74237B60ED00D6280B /* ParstagramTests.swift */; };
		93CAFF80237B60EE00D6280B /* ParstagramUITests.swift in Sources */ = {isa = PBXBuildFile; fileRef = 93CAFF7F237B60EE00D6280B /* ParstagramUITests.swift */; };
/* End PBXBuildFile section */

/* Begin PBXContainerItemProxy section */
		93CAFF71237B60ED00D6280B /* PBXContainerItemProxy */ = {
			isa = PBXContainerItemProxy;
			containerPortal = 93CAFF52237B60E400D6280B /* Project object */;
			proxyType = 1;
			remoteGlobalIDString = 93CAFF59237B60E400D6280B;
			remoteInfo = Parstagram;
		};
		93CAFF7C237B60EE00D6280B /* PBXContainerItemProxy */ = {
			isa = PBXContainerItemProxy;
			containerPortal = 93CAFF52237B60E400D6280B /* Project object */;
			proxyType = 1;
			remoteGlobalIDString = 93CAFF59237B60E400D6280B;
			remoteInfo = Parstagram;
		};
/* End PBXContainerItemProxy section */

/* Begin PBXFileReference section */
		93CAFF5A237B60E400D6280B /* Parstagram.app */ = {isa = PBXFileReference; explicitFileType = wrapper.application; includeInIndex = 0; path = Parstagram.app; sourceTree = BUILT_PRODUCTS_DIR; };
		93CAFF5D237B60E400D6280B /* AppDelegate.swift */ = {isa = PBXFileReference; lastKnownFileType = sourcecode.swift; path = AppDelegate.swift; sourceTree = "<group>"; };
		93CAFF5F237B60E400D6280B /* SceneDelegate.swift */ = {isa = PBXFileReference; lastKnownFileType = sourcecode.swift; path = SceneDelegate.swift; sourceTree = "<group>"; };
		93CAFF61237B60E400D6280B /* ViewController.swift */ = {isa = PBXFileReference; lastKnownFileType = sourcecode.swift; path = ViewController.swift; sourceTree = "<group>"; };
		93CAFF64237B60E400D6280B /* Base */ = {isa = PBXFileReference; lastKnownFileType = file.storyboard; name = Base; path = Base.lproj/Main.storyboard; sourceTree = "<group>"; };
		93CAFF66237B60ED00D6280B /* Assets.xcassets */ = {isa = PBXFileReference; lastKnownFileType = folder.assetcatalog; path = Assets.xcassets; sourceTree = "<group>"; };
		93CAFF69237B60ED00D6280B /* Base */ = {isa = PBXFileReference; lastKnownFileType = file.storyboard; name = Base; path = Base.lproj/LaunchScreen.storyboard; sourceTree = "<group>"; };
		93CAFF6B237B60ED00D6280B /* Info.plist */ = {isa = PBXFileReference; lastKnownFileType = text.plist.xml; path = Info.plist; sourceTree = "<group>"; };
		93CAFF70237B60ED00D6280B /* ParstagramTests.xctest */ = {isa = PBXFileReference; explicitFileType = wrapper.cfbundle; includeInIndex = 0; path = ParstagramTests.xctest; sourceTree = BUILT_PRODUCTS_DIR; };
		93CAFF74237B60ED00D6280B /* ParstagramTests.swift */ = {isa = PBXFileReference; lastKnownFileType = sourcecode.swift; path = ParstagramTests.swift; sourceTree = "<group>"; };
		93CAFF76237B60ED00D6280B /* Info.plist */ = {isa = PBXFileReference; lastKnownFileType = text.plist.xml; path = Info.plist; sourceTree = "<group>"; };
		93CAFF7B237B60EE00D6280B /* ParstagramUITests.xctest */ = {isa = PBXFileReference; explicitFileType = wrapper.cfbundle; includeInIndex = 0; path = ParstagramUITests.xctest; sourceTree = BUILT_PRODUCTS_DIR; };
		93CAFF7F237B60EE00D6280B /* ParstagramUITests.swift */ = {isa = PBXFileReference; lastKnownFileType = sourcecode.swift; path = ParstagramUITests.swift; sourceTree = "<group>"; };
		93CAFF81237B60EE00D6280B /* Info.plist */ = {isa = PBXFileReference; lastKnownFileType = text.plist.xml; path = Info.plist; sourceTree = "<group>"; };
/* End PBXFileReference section */

/* Begin PBXFrameworksBuildPhase section */
		93CAFF57237B60E400D6280B /* Frameworks */ = {
			isa = PBXFrameworksBuildPhase;
			buildActionMask = 2147483647;
			files = (
			);
			runOnlyForDeploymentPostprocessing = 0;
		};
		93CAFF6D237B60ED00D6280B /* Frameworks */ = {
			isa = PBXFrameworksBuildPhase;
			buildActionMask = 2147483647;
			files = (
			);
			runOnlyForDeploymentPostprocessing = 0;
		};
		93CAFF78237B60EE00D6280B /* Frameworks */ = {
			isa = PBXFrameworksBuildPhase;
			buildActionMask = 2147483647;
			files = (
			);
			runOnlyForDeploymentPostprocessing = 0;
		};
/* End PBXFrameworksBuildPhase section */

/* Begin PBXGroup section */
		93CAFF51237B60E400D6280B = {
			isa = PBXGroup;
			children = (
				93CAFF5C237B60E400D6280B /* Parstagram */,
				93CAFF73237B60ED00D6280B /* ParstagramTests */,
				93CAFF7E237B60EE00D6280B /* ParstagramUITests */,
				93CAFF5B237B60E400D6280B /* Products */,
			);
			sourceTree = "<group>";
		};
		93CAFF5B237B60E400D6280B /* Products */ = {
			isa = PBXGroup;
			children = (
				93CAFF5A237B60E400D6280B /* Parstagram.app */,
				93CAFF70237B60ED00D6280B /* ParstagramTests.xctest */,
				93CAFF7B237B60EE00D6280B /* ParstagramUITests.xctest */,
			);
			name = Products;
			sourceTree = "<group>";
		};
		93CAFF5C237B60E400D6280B /* Parstagram */ = {
			isa = PBXGroup;
			children = (
				93CAFF5D237B60E400D6280B /* AppDelegate.swift */,
				93CAFF5F237B60E400D6280B /* SceneDelegate.swift */,
				93CAFF61237B60E400D6280B /* ViewController.swift */,
				93CAFF63237B60E400D6280B /* Main.storyboard */,
				93CAFF66237B60ED00D6280B /* Assets.xcassets */,
				93CAFF68237B60ED00D6280B /* LaunchScreen.storyboard */,
				93CAFF6B237B60ED00D6280B /* Info.plist */,
			);
			path = Parstagram;
			sourceTree = "<group>";
		};
		93CAFF73237B60ED00D6280B /* ParstagramTests */ = {
			isa = PBXGroup;
			children = (
				93CAFF74237B60ED00D6280B /* ParstagramTests.swift */,
				93CAFF76237B60ED00D6280B /* Info.plist */,
			);
			path = ParstagramTests;
			sourceTree = "<group>";
		};
		93CAFF7E237B60EE00D6280B /* ParstagramUITests */ = {
			isa = PBXGroup;
			children = (
				93CAFF7F237B60EE00D6280B /* ParstagramUITests.swift */,
				93CAFF81237B60EE00D6280B /* Info.plist */,
			);
			path = ParstagramUITests;
			sourceTree = "<group>";
		};
/* End PBXGroup section */

/* Begin PBXNativeTarget section */
		93CAFF59237B60E400D6280B /* Parstagram */ = {
			isa = PBXNativeTarget;
			buildConfigurationList = 93CAFF84237B60EE00D6280B /* Build configuration list for PBXNativeTarget "Parstagram" */;
			buildPhases = (
				93CAFF56237B60E400D6280B /* Sources */,
				93CAFF57237B60E400D6280B /* Frameworks */,
				93CAFF58237B60E400D6280B /* Resources */,
			);
			buildRules = (
			);
			dependencies = (
			);
			name = Parstagram;
			productName = Parstagram;
			productReference = 93CAFF5A237B60E400D6280B /* Parstagram.app */;
			productType = "com.apple.product-type.application";
		};
		93CAFF6F237B60ED00D6280B /* ParstagramTests */ = {
			isa = PBXNativeTarget;
			buildConfigurationList = 93CAFF87237B60EE00D6280B /* Build configuration list for PBXNativeTarget "ParstagramTests" */;
			buildPhases = (
				93CAFF6C237B60ED00D6280B /* Sources */,
				93CAFF6D237B60ED00D6280B /* Frameworks */,
				93CAFF6E237B60ED00D6280B /* Resources */,
			);
			buildRules = (
			);
			dependencies = (
				93CAFF72237B60ED00D6280B /* PBXTargetDependency */,
			);
			name = ParstagramTests;
			productName = ParstagramTests;
			productReference = 93CAFF70237B60ED00D6280B /* ParstagramTests.xctest */;
			productType = "com.apple.product-type.bundle.unit-test";
		};
		93CAFF7A237B60EE00D6280B /* ParstagramUITests */ = {
			isa = PBXNativeTarget;
			buildConfigurationList = 93CAFF8A237B60EE00D6280B /* Build configuration list for PBXNativeTarget "ParstagramUITests" */;
			buildPhases = (
				93CAFF77237B60EE00D6280B /* Sources */,
				93CAFF78237B60EE00D6280B /* Frameworks */,
				93CAFF79237B60EE00D6280B /* Resources */,
			);
			buildRules = (
			);
			dependencies = (
				93CAFF7D237B60EE00D6280B /* PBXTargetDependency */,
			);
			name = ParstagramUITests;
			productName = ParstagramUITests;
			productReference = 93CAFF7B237B60EE00D6280B /* ParstagramUITests.xctest */;
			productType = "com.apple.product-type.bundle.ui-testing";
		};
/* End PBXNativeTarget section */

/* Begin PBXProject section */
		93CAFF52237B60E400D6280B /* Project object */ = {
			isa = PBXProject;
			attributes = {
				LastSwiftUpdateCheck = 1110;
				LastUpgradeCheck = 1110;
				ORGANIZATIONNAME = "Owen Ahmed";
				TargetAttributes = {
					93CAFF59237B60E400D6280B = {
						CreatedOnToolsVersion = 11.1;
					};
					93CAFF6F237B60ED00D6280B = {
						CreatedOnToolsVersion = 11.1;
						TestTargetID = 93CAFF59237B60E400D6280B;
					};
					93CAFF7A237B60EE00D6280B = {
						CreatedOnToolsVersion = 11.1;
						TestTargetID = 93CAFF59237B60E400D6280B;
					};
				};
			};
			buildConfigurationList = 93CAFF55237B60E400D6280B /* Build configuration list for PBXProject "Parstagram" */;
			compatibilityVersion = "Xcode 9.3";
			developmentRegion = en;
			hasScannedForEncodings = 0;
			knownRegions = (
				en,
				Base,
			);
			mainGroup = 93CAFF51237B60E400D6280B;
			productRefGroup = 93CAFF5B237B60E400D6280B /* Products */;
			projectDirPath = "";
			projectRoot = "";
			targets = (
				93CAFF59237B60E400D6280B /* Parstagram */,
				93CAFF6F237B60ED00D6280B /* ParstagramTests */,
				93CAFF7A237B60EE00D6280B /* ParstagramUITests */,
			);
		};
/* End PBXProject section */

/* Begin PBXResourcesBuildPhase section */
		93CAFF58237B60E400D6280B /* Resources */ = {
			isa = PBXResourcesBuildPhase;
			buildActionMask = 2147483647;
			files = (
				93CAFF6A237B60ED00D6280B /* LaunchScreen.storyboard in Resources */,
				93CAFF67237B60ED00D6280B /* Assets.xcassets in Resources */,
				93CAFF65237B60E400D6280B /* Main.storyboard in Resources */,
			);
			runOnlyForDeploymentPostprocessing = 0;
		};
		93CAFF6E237B60ED00D6280B /* Resources */ = {
			isa = PBXResourcesBuildPhase;
			buildActionMask = 2147483647;
			files = (
			);
			runOnlyForDeploymentPostprocessing = 0;
		};
		93CAFF79237B60EE00D6280B /* Resources */ = {
			isa = PBXResourcesBuildPhase;
			buildActionMask = 2147483647;
			files = (
			);
			runOnlyForDeploymentPostprocessing = 0;
		};
/* End PBXResourcesBuildPhase section */

/* Begin PBXSourcesBuildPhase section */
		93CAFF56237B60E400D6280B /* Sources */ = {
			isa = PBXSourcesBuildPhase;
			buildActionMask = 2147483647;
			files = (
				93CAFF62237B60E400D6280B /* ViewController.swift in Sources */,
				93CAFF5E237B60E400D6280B /* AppDelegate.swift in Sources */,
				93CAFF60237B60E400D6280B /* SceneDelegate.swift in Sources */,
			);
			runOnlyForDeploymentPostprocessing = 0;
		};
		93CAFF6C237B60ED00D6280B /* Sources */ = {
			isa = PBXSourcesBuildPhase;
			buildActionMask = 2147483647;
			files = (
				93CAFF75237B60ED00D6280B /* ParstagramTests.swift in Sources */,
			);
			runOnlyForDeploymentPostprocessing = 0;
		};
		93CAFF77237B60EE00D6280B /* Sources */ = {
			isa = PBXSourcesBuildPhase;
			buildActionMask = 2147483647;
			files = (
				93CAFF80237B60EE00D6280B /* ParstagramUITests.swift in Sources */,
			);
			runOnlyForDeploymentPostprocessing = 0;
		};
/* End PBXSourcesBuildPhase section */

/* Begin PBXTargetDependency section */
		93CAFF72237B60ED00D6280B /* PBXTargetDependency */ = {
			isa = PBXTargetDependency;
			target = 93CAFF59237B60E400D6280B /* Parstagram */;
			targetProxy = 93CAFF71237B60ED00D6280B /* PBXContainerItemProxy */;
		};
		93CAFF7D237B60EE00D6280B /* PBXTargetDependency */ = {
			isa = PBXTargetDependency;
			target = 93CAFF59237B60E400D6280B /* Parstagram */;
			targetProxy = 93CAFF7C237B60EE00D6280B /* PBXContainerItemProxy */;
		};
/* End PBXTargetDependency section */

/* Begin PBXVariantGroup section */
		93CAFF63237B60E400D6280B /* Main.storyboard */ = {
			isa = PBXVariantGroup;
			children = (
				93CAFF64237B60E400D6280B /* Base */,
			);
			name = Main.storyboard;
			sourceTree = "<group>";
		};
		93CAFF68237B60ED00D6280B /* LaunchScreen.storyboard */ = {
			isa = PBXVariantGroup;
			children = (
				93CAFF69237B60ED00D6280B /* Base */,
			);
			name = LaunchScreen.storyboard;
			sourceTree = "<group>";
		};
/* End PBXVariantGroup section */

/* Begin XCBuildConfiguration section */
		93CAFF82237B60EE00D6280B /* Debug */ = {
			isa = XCBuildConfiguration;
			buildSettings = {
				ALWAYS_SEARCH_USER_PATHS = NO;
				CLANG_ANALYZER_NONNULL = YES;
				CLANG_ANALYZER_NUMBER_OBJECT_CONVERSION = YES_AGGRESSIVE;
				CLANG_CXX_LANGUAGE_STANDARD = "gnu++14";
				CLANG_CXX_LIBRARY = "libc++";
				CLANG_ENABLE_MODULES = YES;
				CLANG_ENABLE_OBJC_ARC = YES;
				CLANG_ENABLE_OBJC_WEAK = YES;
				CLANG_WARN_BLOCK_CAPTURE_AUTORELEASING = YES;
				CLANG_WARN_BOOL_CONVERSION = YES;
				CLANG_WARN_COMMA = YES;
				CLANG_WARN_CONSTANT_CONVERSION = YES;
				CLANG_WARN_DEPRECATED_OBJC_IMPLEMENTATIONS = YES;
				CLANG_WARN_DIRECT_OBJC_ISA_USAGE = YES_ERROR;
				CLANG_WARN_DOCUMENTATION_COMMENTS = YES;
				CLANG_WARN_EMPTY_BODY = YES;
				CLANG_WARN_ENUM_CONVERSION = YES;
				CLANG_WARN_INFINITE_RECURSION = YES;
				CLANG_WARN_INT_CONVERSION = YES;
				CLANG_WARN_NON_LITERAL_NULL_CONVERSION = YES;
				CLANG_WARN_OBJC_IMPLICIT_RETAIN_SELF = YES;
				CLANG_WARN_OBJC_LITERAL_CONVERSION = YES;
				CLANG_WARN_OBJC_ROOT_CLASS = YES_ERROR;
				CLANG_WARN_RANGE_LOOP_ANALYSIS = YES;
				CLANG_WARN_STRICT_PROTOTYPES = YES;
				CLANG_WARN_SUSPICIOUS_MOVE = YES;
				CLANG_WARN_UNGUARDED_AVAILABILITY = YES_AGGRESSIVE;
				CLANG_WARN_UNREACHABLE_CODE = YES;
				CLANG_WARN__DUPLICATE_METHOD_MATCH = YES;
				COPY_PHASE_STRIP = NO;
				DEBUG_INFORMATION_FORMAT = dwarf;
				ENABLE_STRICT_OBJC_MSGSEND = YES;
				ENABLE_TESTABILITY = YES;
				GCC_C_LANGUAGE_STANDARD = gnu11;
				GCC_DYNAMIC_NO_PIC = NO;
				GCC_NO_COMMON_BLOCKS = YES;
				GCC_OPTIMIZATION_LEVEL = 0;
				GCC_PREPROCESSOR_DEFINITIONS = (
					"DEBUG=1",
					"$(inherited)",
				);
				GCC_WARN_64_TO_32_BIT_CONVERSION = YES;
				GCC_WARN_ABOUT_RETURN_TYPE = YES_ERROR;
				GCC_WARN_UNDECLARED_SELECTOR = YES;
				GCC_WARN_UNINITIALIZED_AUTOS = YES_AGGRESSIVE;
				GCC_WARN_UNUSED_FUNCTION = YES;
				GCC_WARN_UNUSED_VARIABLE = YES;
				IPHONEOS_DEPLOYMENT_TARGET = 13.1;
				MTL_ENABLE_DEBUG_INFO = INCLUDE_SOURCE;
				MTL_FAST_MATH = YES;
				ONLY_ACTIVE_ARCH = YES;
				SDKROOT = iphoneos;
				SWIFT_ACTIVE_COMPILATION_CONDITIONS = DEBUG;
				SWIFT_OPTIMIZATION_LEVEL = "-Onone";
			};
			name = Debug;
		};
		93CAFF83237B60EE00D6280B /* Release */ = {
			isa = XCBuildConfiguration;
			buildSettings = {
				ALWAYS_SEARCH_USER_PATHS = NO;
				CLANG_ANALYZER_NONNULL = YES;
				CLANG_ANALYZER_NUMBER_OBJECT_CONVERSION = YES_AGGRESSIVE;
				CLANG_CXX_LANGUAGE_STANDARD = "gnu++14";
				CLANG_CXX_LIBRARY = "libc++";
				CLANG_ENABLE_MODULES = YES;
				CLANG_ENABLE_OBJC_ARC = YES;
				CLANG_ENABLE_OBJC_WEAK = YES;
				CLANG_WARN_BLOCK_CAPTURE_AUTORELEASING = YES;
				CLANG_WARN_BOOL_CONVERSION = YES;
				CLANG_WARN_COMMA = YES;
				CLANG_WARN_CONSTANT_CONVERSION = YES;
				CLANG_WARN_DEPRECATED_OBJC_IMPLEMENTATIONS = YES;
				CLANG_WARN_DIRECT_OBJC_ISA_USAGE = YES_ERROR;
				CLANG_WARN_DOCUMENTATION_COMMENTS = YES;
				CLANG_WARN_EMPTY_BODY = YES;
				CLANG_WARN_ENUM_CONVERSION = YES;
				CLANG_WARN_INFINITE_RECURSION = YES;
				CLANG_WARN_INT_CONVERSION = YES;
				CLANG_WARN_NON_LITERAL_NULL_CONVERSION = YES;
				CLANG_WARN_OBJC_IMPLICIT_RETAIN_SELF = YES;
				CLANG_WARN_OBJC_LITERAL_CONVERSION = YES;
				CLANG_WARN_OBJC_ROOT_CLASS = YES_ERROR;
				CLANG_WARN_RANGE_LOOP_ANALYSIS = YES;
				CLANG_WARN_STRICT_PROTOTYPES = YES;
				CLANG_WARN_SUSPICIOUS_MOVE = YES;
				CLANG_WARN_UNGUARDED_AVAILABILITY = YES_AGGRESSIVE;
				CLANG_WARN_UNREACHABLE_CODE = YES;
				CLANG_WARN__DUPLICATE_METHOD_MATCH = YES;
				COPY_PHASE_STRIP = NO;
				DEBUG_INFORMATION_FORMAT = "dwarf-with-dsym";
				ENABLE_NS_ASSERTIONS = NO;
				ENABLE_STRICT_OBJC_MSGSEND = YES;
				GCC_C_LANGUAGE_STANDARD = gnu11;
				GCC_NO_COMMON_BLOCKS = YES;
				GCC_WARN_64_TO_32_BIT_CONVERSION = YES;
				GCC_WARN_ABOUT_RETURN_TYPE = YES_ERROR;
				GCC_WARN_UNDECLARED_SELECTOR = YES;
				GCC_WARN_UNINITIALIZED_AUTOS = YES_AGGRESSIVE;
				GCC_WARN_UNUSED_FUNCTION = YES;
				GCC_WARN_UNUSED_VARIABLE = YES;
				IPHONEOS_DEPLOYMENT_TARGET = 13.1;
				MTL_ENABLE_DEBUG_INFO = NO;
				MTL_FAST_MATH = YES;
				SDKROOT = iphoneos;
				SWIFT_COMPILATION_MODE = wholemodule;
				SWIFT_OPTIMIZATION_LEVEL = "-O";
				VALIDATE_PRODUCT = YES;
			};
			name = Release;
		};
		93CAFF85237B60EE00D6280B /* Debug */ = {
			isa = XCBuildConfiguration;
			buildSettings = {
				ASSETCATALOG_COMPILER_APPICON_NAME = AppIcon;
				CODE_SIGN_STYLE = Automatic;
				INFOPLIST_FILE = Parstagram/Info.plist;
				LD_RUNPATH_SEARCH_PATHS = (
					"$(inherited)",
					"@executable_path/Frameworks",
				);
				PRODUCT_BUNDLE_IDENTIFIER = Owen.Parstagram;
				PRODUCT_NAME = "$(TARGET_NAME)";
				SWIFT_VERSION = 5.0;
				TARGETED_DEVICE_FAMILY = "1,2";
			};
			name = Debug;
		};
		93CAFF86237B60EE00D6280B /* Release */ = {
			isa = XCBuildConfiguration;
			buildSettings = {
				ASSETCATALOG_COMPILER_APPICON_NAME = AppIcon;
				CODE_SIGN_STYLE = Automatic;
				INFOPLIST_FILE = Parstagram/Info.plist;
				LD_RUNPATH_SEARCH_PATHS = (
					"$(inherited)",
					"@executable_path/Frameworks",
				);
				PRODUCT_BUNDLE_IDENTIFIER = Owen.Parstagram;
				PRODUCT_NAME = "$(TARGET_NAME)";
				SWIFT_VERSION = 5.0;
				TARGETED_DEVICE_FAMILY = "1,2";
			};
			name = Release;
		};
		93CAFF88237B60EE00D6280B /* Debug */ = {
			isa = XCBuildConfiguration;
			buildSettings = {
				ALWAYS_EMBED_SWIFT_STANDARD_LIBRARIES = YES;
				BUNDLE_LOADER = "$(TEST_HOST)";
				CODE_SIGN_STYLE = Automatic;
				INFOPLIST_FILE = ParstagramTests/Info.plist;
				IPHONEOS_DEPLOYMENT_TARGET = 13.1;
				LD_RUNPATH_SEARCH_PATHS = (
					"$(inherited)",
					"@executable_path/Frameworks",
					"@loader_path/Frameworks",
				);
				PRODUCT_BUNDLE_IDENTIFIER = Owen.ParstagramTests;
				PRODUCT_NAME = "$(TARGET_NAME)";
				SWIFT_VERSION = 5.0;
				TARGETED_DEVICE_FAMILY = "1,2";
				TEST_HOST = "$(BUILT_PRODUCTS_DIR)/Parstagram.app/Parstagram";
			};
			name = Debug;
		};
		93CAFF89237B60EE00D6280B /* Release */ = {
			isa = XCBuildConfiguration;
			buildSettings = {
				ALWAYS_EMBED_SWIFT_STANDARD_LIBRARIES = YES;
				BUNDLE_LOADER = "$(TEST_HOST)";
				CODE_SIGN_STYLE = Automatic;
				INFOPLIST_FILE = ParstagramTests/Info.plist;
				IPHONEOS_DEPLOYMENT_TARGET = 13.1;
				LD_RUNPATH_SEARCH_PATHS = (
					"$(inherited)",
					"@executable_path/Frameworks",
					"@loader_path/Frameworks",
				);
				PRODUCT_BUNDLE_IDENTIFIER = Owen.ParstagramTests;
				PRODUCT_NAME = "$(TARGET_NAME)";
				SWIFT_VERSION = 5.0;
				TARGETED_DEVICE_FAMILY = "1,2";
				TEST_HOST = "$(BUILT_PRODUCTS_DIR)/Parstagram.app/Parstagram";
			};
			name = Release;
		};
		93CAFF8B237B60EE00D6280B /* Debug */ = {
			isa = XCBuildConfiguration;
			buildSettings = {
				ALWAYS_EMBED_SWIFT_STANDARD_LIBRARIES = YES;
				CODE_SIGN_STYLE = Automatic;
				INFOPLIST_FILE = ParstagramUITests/Info.plist;
				LD_RUNPATH_SEARCH_PATHS = (
					"$(inherited)",
					"@executable_path/Frameworks",
					"@loader_path/Frameworks",
				);
				PRODUCT_BUNDLE_IDENTIFIER = Owen.ParstagramUITests;
				PRODUCT_NAME = "$(TARGET_NAME)";
				SWIFT_VERSION = 5.0;
				TARGETED_DEVICE_FAMILY = "1,2";
				TEST_TARGET_NAME = Parstagram;
			};
			name = Debug;
		};
		93CAFF8C237B60EE00D6280B /* Release */ = {
			isa = XCBuildConfiguration;
			buildSettings = {
				ALWAYS_EMBED_SWIFT_STANDARD_LIBRARIES = YES;
				CODE_SIGN_STYLE = Automatic;
				INFOPLIST_FILE = ParstagramUITests/Info.plist;
				LD_RUNPATH_SEARCH_PATHS = (
					"$(inherited)",
					"@executable_path/Frameworks",
					"@loader_path/Frameworks",
				);
				PRODUCT_BUNDLE_IDENTIFIER = Owen.ParstagramUITests;
				PRODUCT_NAME = "$(TARGET_NAME)";
				SWIFT_VERSION = 5.0;
				TARGETED_DEVICE_FAMILY = "1,2";
				TEST_TARGET_NAME = Parstagram;
			};
			name = Release;
		};
/* End XCBuildConfiguration section */

/* Begin XCConfigurationList section */
		93CAFF55237B60E400D6280B /* Build configuration list for PBXProject "Parstagram" */ = {
			isa = XCConfigurationList;
			buildConfigurations = (
				93CAFF82237B60EE00D6280B /* Debug */,
				93CAFF83237B60EE00D6280B /* Release */,
			);
			defaultConfigurationIsVisible = 0;
			defaultConfigurationName = Release;
		};
		93CAFF84237B60EE00D6280B /* Build configuration list for PBXNativeTarget "Parstagram" */ = {
			isa = XCConfigurationList;
			buildConfigurations = (
				93CAFF85237B60EE00D6280B /* Debug */,
				93CAFF86237B60EE00D6280B /* Release */,
			);
			defaultConfigurationIsVisible = 0;
			defaultConfigurationName = Release;
		};
		93CAFF87237B60EE00D6280B /* Build configuration list for PBXNativeTarget "ParstagramTests" */ = {
			isa = XCConfigurationList;
			buildConfigurations = (
				93CAFF88237B60EE00D6280B /* Debug */,
				93CAFF89237B60EE00D6280B /* Release */,
			);
			defaultConfigurationIsVisible = 0;
			defaultConfigurationName = Release;
		};
		93CAFF8A237B60EE00D6280B /* Build configuration list for PBXNativeTarget "ParstagramUITests" */ = {
			isa = XCConfigurationList;
			buildConfigurations = (
				93CAFF8B237B60EE00D6280B /* Debug */,
				93CAFF8C237B60EE00D6280B /* Release */,
			);
			defaultConfigurationIsVisible = 0;
			defaultConfigurationName = Release;
		};
/* End XCConfigurationList section */
	};
	rootObject = 93CAFF52237B60E400D6280B /* Project object */;
}
